
Microsoft Visual Studio Solution File, Format Version 12.00
# Visual Studio Version 16
VisualStudioVersion = 16.0.29319.158
MinimumVisualStudioVersion = 10.0.40219.1
Project("{FAE04EC0-301F-11D3-BF4B-00C04F79EFBC}") = "Test1", "Test1\Test1.csproj", "{6AC9D50C-1202-4B9E-BF99-6F2E5DDAFCB6}"
EndProject
Global
	GlobalSection(SolutionConfigurationPlatforms) = preSolution
		Debug|Any CPU = Debug|Any CPU
		Release|Any CPU = Release|Any CPU
	EndGlobalSection
	GlobalSection(ProjectConfigurationPlatforms) = postSolution
		{6AC9D50C-1202-4B9E-BF99-6F2E5DDAFCB6}.Debug|Any CPU.ActiveCfg = Debug|Any CPU
		{6AC9D50C-1202-4B9E-BF99-6F2E5DDAFCB6}.Debug|Any CPU.Build.0 = Debug|Any CPU
		{6AC9D50C-1202-4B9E-BF99-6F2E5DDAFCB6}.Release|Any CPU.ActiveCfg = Release|Any CPU
		{6AC9D50C-1202-4B9E-BF99-6F2E5DDAFCB6}.Release|Any CPU.Build.0 = Release|Any CPU
	EndGlobalSection
	GlobalSection(SolutionProperties) = preSolution
		HideSolutionNode = FALSE
	EndGlobalSection
	GlobalSection(ExtensibilityGlobals) = postSolution
		SolutionGuid = {417C087B-4F23-47EB-A7A6-E61F0B1500BC}
	EndGlobalSection
EndGlobal
