
Microsoft Visual Studio Solution File, Format Version 12.00
# Visual Studio Version 16
VisualStudioVersion = 16.0.29411.138
MinimumVisualStudioVersion = 10.0.40219.1
Project("{FAE04EC0-301F-11D3-BF4B-00C04F79EFBC}") = "MyNUnit", "MyNUnit\MyNUnit.csproj", "{CF9602C1-7C27-475F-94DE-8DA2E02A2FB9}"
EndProject
Project("{FAE04EC0-301F-11D3-BF4B-00C04F79EFBC}") = "MyNUnitLib", "MyNUnitLib\MyNUnitLib.csproj", "{84932066-D980-453F-8B4C-A8FD92529F05}"
EndProject
Project("{2150E333-8FDC-42A3-9474-1A3956D46DE8}") = "TestCases", "TestCases", "{3077F986-4907-4680-AC36-3801276F520A}"
EndProject
Project("{FAE04EC0-301F-11D3-BF4B-00C04F79EFBC}") = "MyNUnitSmokeTest", "MyNUnitSmokeTest\MyNUnitSmokeTest.csproj", "{629528DE-43D6-4A65-BDCD-3084053BB429}"
EndProject
Project("{FAE04EC0-301F-11D3-BF4B-00C04F79EFBC}") = "MyNUnit.Tests", "MyNUnit.Tests\MyNUnit.Tests.csproj", "{B9D64356-0A80-4330-9E26-A770F9BAFD0E}"
EndProject
Project("{FAE04EC0-301F-11D3-BF4B-00C04F79EFBC}") = "MyNUnitFailedTest", "MyNUnitFailedTest\MyNUnitFailedTest.csproj", "{08464AF0-FC0E-4A29-B6CF-7B4B2B161ACE}"
EndProject
Project("{FAE04EC0-301F-11D3-BF4B-00C04F79EFBC}") = "BeforeAttributeTest", "BeforeAttributeTest\BeforeAttributeTest.csproj", "{806F2740-86C3-4C7E-8640-57C99C99ACFB}"
EndProject
Project("{FAE04EC0-301F-11D3-BF4B-00C04F79EFBC}") = "AfterAttributeTest", "AfterAttributeTest\AfterAttributeTest.csproj", "{86082599-F75C-41F7-9667-C3B15952FCF7}"
EndProject
Project("{FAE04EC0-301F-11D3-BF4B-00C04F79EFBC}") = "ExpectedAttributeTest", "ExpectedAttributeTest\ExpectedAttributeTest.csproj", "{823967AA-692B-4F06-B256-04D44ED87E1D}"
EndProject
Project("{FAE04EC0-301F-11D3-BF4B-00C04F79EFBC}") = "IgnoreAttributeTest", "IgnoreAttributeTest\IgnoreAttributeTest.csproj", "{FEAE0F87-4638-4647-9D5C-1B0FB35F7416}"
EndProject
Project("{FAE04EC0-301F-11D3-BF4B-00C04F79EFBC}") = "BeforeClassAttributeTest", "BeforeClassAttributeTest\BeforeClassAttributeTest.csproj", "{067232AF-81D2-497D-923C-F491B3A5A1A3}"
EndProject
Project("{FAE04EC0-301F-11D3-BF4B-00C04F79EFBC}") = "AfterClassAttributeTest", "AfterClassAttributeTest\AfterClassAttributeTest.csproj", "{9C0EDAF2-66A4-4427-9AA8-F52985ED54FC}"
EndProject
Project("{FAE04EC0-301F-11D3-BF4B-00C04F79EFBC}") = "NoAppropriateConstructorTest", "NoAppropriateConstructorTest\NoAppropriateConstructorTest.csproj", "{B8320A03-17BD-4FFE-BD88-FD3637C7653C}"
EndProject
Project("{FAE04EC0-301F-11D3-BF4B-00C04F79EFBC}") = "InvalidTestMethodsTest", "InvalidTestMethodsTest\InvalidTestMethodsTest.csproj", "{19DBD04B-C42F-43BB-9DA0-D6B0740B58E1}"
EndProject
Project("{FAE04EC0-301F-11D3-BF4B-00C04F79EFBC}") = "InvalidStaticMethodTest", "InvalidStaticMethodTest\InvalidStaticMethodTest.csproj", "{FF33530B-653F-4A11-80C9-98143F16F71D}"
EndProject
Global
	GlobalSection(SolutionConfigurationPlatforms) = preSolution
		Debug|Any CPU = Debug|Any CPU
		Release|Any CPU = Release|Any CPU
	EndGlobalSection
	GlobalSection(ProjectConfigurationPlatforms) = postSolution
		{CF9602C1-7C27-475F-94DE-8DA2E02A2FB9}.Debug|Any CPU.ActiveCfg = Debug|Any CPU
		{CF9602C1-7C27-475F-94DE-8DA2E02A2FB9}.Debug|Any CPU.Build.0 = Debug|Any CPU
		{CF9602C1-7C27-475F-94DE-8DA2E02A2FB9}.Release|Any CPU.ActiveCfg = Release|Any CPU
		{CF9602C1-7C27-475F-94DE-8DA2E02A2FB9}.Release|Any CPU.Build.0 = Release|Any CPU
		{84932066-D980-453F-8B4C-A8FD92529F05}.Debug|Any CPU.ActiveCfg = Debug|Any CPU
		{84932066-D980-453F-8B4C-A8FD92529F05}.Debug|Any CPU.Build.0 = Debug|Any CPU
		{84932066-D980-453F-8B4C-A8FD92529F05}.Release|Any CPU.ActiveCfg = Release|Any CPU
		{84932066-D980-453F-8B4C-A8FD92529F05}.Release|Any CPU.Build.0 = Release|Any CPU
		{629528DE-43D6-4A65-BDCD-3084053BB429}.Debug|Any CPU.ActiveCfg = Debug|Any CPU
		{629528DE-43D6-4A65-BDCD-3084053BB429}.Debug|Any CPU.Build.0 = Debug|Any CPU
		{629528DE-43D6-4A65-BDCD-3084053BB429}.Release|Any CPU.ActiveCfg = Release|Any CPU
		{629528DE-43D6-4A65-BDCD-3084053BB429}.Release|Any CPU.Build.0 = Release|Any CPU
		{B9D64356-0A80-4330-9E26-A770F9BAFD0E}.Debug|Any CPU.ActiveCfg = Debug|Any CPU
		{B9D64356-0A80-4330-9E26-A770F9BAFD0E}.Debug|Any CPU.Build.0 = Debug|Any CPU
		{B9D64356-0A80-4330-9E26-A770F9BAFD0E}.Release|Any CPU.ActiveCfg = Release|Any CPU
		{B9D64356-0A80-4330-9E26-A770F9BAFD0E}.Release|Any CPU.Build.0 = Release|Any CPU
		{08464AF0-FC0E-4A29-B6CF-7B4B2B161ACE}.Debug|Any CPU.ActiveCfg = Debug|Any CPU
		{08464AF0-FC0E-4A29-B6CF-7B4B2B161ACE}.Debug|Any CPU.Build.0 = Debug|Any CPU
		{08464AF0-FC0E-4A29-B6CF-7B4B2B161ACE}.Release|Any CPU.ActiveCfg = Release|Any CPU
		{08464AF0-FC0E-4A29-B6CF-7B4B2B161ACE}.Release|Any CPU.Build.0 = Release|Any CPU
		{806F2740-86C3-4C7E-8640-57C99C99ACFB}.Debug|Any CPU.ActiveCfg = Debug|Any CPU
		{806F2740-86C3-4C7E-8640-57C99C99ACFB}.Debug|Any CPU.Build.0 = Debug|Any CPU
		{806F2740-86C3-4C7E-8640-57C99C99ACFB}.Release|Any CPU.ActiveCfg = Release|Any CPU
		{806F2740-86C3-4C7E-8640-57C99C99ACFB}.Release|Any CPU.Build.0 = Release|Any CPU
		{86082599-F75C-41F7-9667-C3B15952FCF7}.Debug|Any CPU.ActiveCfg = Debug|Any CPU
		{86082599-F75C-41F7-9667-C3B15952FCF7}.Debug|Any CPU.Build.0 = Debug|Any CPU
		{86082599-F75C-41F7-9667-C3B15952FCF7}.Release|Any CPU.ActiveCfg = Release|Any CPU
		{86082599-F75C-41F7-9667-C3B15952FCF7}.Release|Any CPU.Build.0 = Release|Any CPU
		{823967AA-692B-4F06-B256-04D44ED87E1D}.Debug|Any CPU.ActiveCfg = Debug|Any CPU
		{823967AA-692B-4F06-B256-04D44ED87E1D}.Debug|Any CPU.Build.0 = Debug|Any CPU
		{823967AA-692B-4F06-B256-04D44ED87E1D}.Release|Any CPU.ActiveCfg = Release|Any CPU
		{823967AA-692B-4F06-B256-04D44ED87E1D}.Release|Any CPU.Build.0 = Release|Any CPU
		{FEAE0F87-4638-4647-9D5C-1B0FB35F7416}.Debug|Any CPU.ActiveCfg = Debug|Any CPU
		{FEAE0F87-4638-4647-9D5C-1B0FB35F7416}.Debug|Any CPU.Build.0 = Debug|Any CPU
		{FEAE0F87-4638-4647-9D5C-1B0FB35F7416}.Release|Any CPU.ActiveCfg = Release|Any CPU
		{FEAE0F87-4638-4647-9D5C-1B0FB35F7416}.Release|Any CPU.Build.0 = Release|Any CPU
		{067232AF-81D2-497D-923C-F491B3A5A1A3}.Debug|Any CPU.ActiveCfg = Debug|Any CPU
		{067232AF-81D2-497D-923C-F491B3A5A1A3}.Debug|Any CPU.Build.0 = Debug|Any CPU
		{067232AF-81D2-497D-923C-F491B3A5A1A3}.Release|Any CPU.ActiveCfg = Release|Any CPU
		{067232AF-81D2-497D-923C-F491B3A5A1A3}.Release|Any CPU.Build.0 = Release|Any CPU
		{9C0EDAF2-66A4-4427-9AA8-F52985ED54FC}.Debug|Any CPU.ActiveCfg = Debug|Any CPU
		{9C0EDAF2-66A4-4427-9AA8-F52985ED54FC}.Debug|Any CPU.Build.0 = Debug|Any CPU
		{9C0EDAF2-66A4-4427-9AA8-F52985ED54FC}.Release|Any CPU.ActiveCfg = Release|Any CPU
		{9C0EDAF2-66A4-4427-9AA8-F52985ED54FC}.Release|Any CPU.Build.0 = Release|Any CPU
		{B8320A03-17BD-4FFE-BD88-FD3637C7653C}.Debug|Any CPU.ActiveCfg = Debug|Any CPU
		{B8320A03-17BD-4FFE-BD88-FD3637C7653C}.Debug|Any CPU.Build.0 = Debug|Any CPU
		{B8320A03-17BD-4FFE-BD88-FD3637C7653C}.Release|Any CPU.ActiveCfg = Release|Any CPU
		{B8320A03-17BD-4FFE-BD88-FD3637C7653C}.Release|Any CPU.Build.0 = Release|Any CPU
		{19DBD04B-C42F-43BB-9DA0-D6B0740B58E1}.Debug|Any CPU.ActiveCfg = Debug|Any CPU
		{19DBD04B-C42F-43BB-9DA0-D6B0740B58E1}.Debug|Any CPU.Build.0 = Debug|Any CPU
		{19DBD04B-C42F-43BB-9DA0-D6B0740B58E1}.Release|Any CPU.ActiveCfg = Release|Any CPU
		{19DBD04B-C42F-43BB-9DA0-D6B0740B58E1}.Release|Any CPU.Build.0 = Release|Any CPU
		{FF33530B-653F-4A11-80C9-98143F16F71D}.Debug|Any CPU.ActiveCfg = Debug|Any CPU
		{FF33530B-653F-4A11-80C9-98143F16F71D}.Debug|Any CPU.Build.0 = Debug|Any CPU
		{FF33530B-653F-4A11-80C9-98143F16F71D}.Release|Any CPU.ActiveCfg = Release|Any CPU
		{FF33530B-653F-4A11-80C9-98143F16F71D}.Release|Any CPU.Build.0 = Release|Any CPU
	EndGlobalSection
	GlobalSection(SolutionProperties) = preSolution
		HideSolutionNode = FALSE
	EndGlobalSection
	GlobalSection(NestedProjects) = preSolution
		{629528DE-43D6-4A65-BDCD-3084053BB429} = {3077F986-4907-4680-AC36-3801276F520A}
		{08464AF0-FC0E-4A29-B6CF-7B4B2B161ACE} = {3077F986-4907-4680-AC36-3801276F520A}
		{806F2740-86C3-4C7E-8640-57C99C99ACFB} = {3077F986-4907-4680-AC36-3801276F520A}
		{86082599-F75C-41F7-9667-C3B15952FCF7} = {3077F986-4907-4680-AC36-3801276F520A}
		{823967AA-692B-4F06-B256-04D44ED87E1D} = {3077F986-4907-4680-AC36-3801276F520A}
		{FEAE0F87-4638-4647-9D5C-1B0FB35F7416} = {3077F986-4907-4680-AC36-3801276F520A}
		{067232AF-81D2-497D-923C-F491B3A5A1A3} = {3077F986-4907-4680-AC36-3801276F520A}
		{9C0EDAF2-66A4-4427-9AA8-F52985ED54FC} = {3077F986-4907-4680-AC36-3801276F520A}
		{B8320A03-17BD-4FFE-BD88-FD3637C7653C} = {3077F986-4907-4680-AC36-3801276F520A}
		{19DBD04B-C42F-43BB-9DA0-D6B0740B58E1} = {3077F986-4907-4680-AC36-3801276F520A}
		{FF33530B-653F-4A11-80C9-98143F16F71D} = {3077F986-4907-4680-AC36-3801276F520A}
	EndGlobalSection
	GlobalSection(ExtensibilityGlobals) = postSolution
		SolutionGuid = {78F0D81A-F7A9-4DDE-8D14-60503B3CC618}
	EndGlobalSection
EndGlobal
